{
  "lockfileVersion": 1,
  "dependencies": {
    "body-parser": {
      "version": "1.10.1",
      "resolved": "https://registry.npmjs.org/body-parser/-/body-parser-1.10.1.tgz",
      "integrity": "sha512-0HS6HIsf/8hYcKGj0WWrDs8lmZqRKpACercXflJ6iRHiwLB0S/i3DfqXCnqTeFJlBfRUOkq5CN9/+EnGuuHZjQ=="
    },
    "bytes": {
      "version": "1.0.0",
      "resolved": "https://registry.npmjs.org/bytes/-/bytes-1.0.0.tgz",
      "integrity": "sha512-/x68VkHLeTl3/Ll8IvxdwzhrT+IyKc52e/oyHhA2RwqPqswSnjVbSddfPRwAsJtbilMAPSRWwAlpxdYsSWOTKQ=="
    },
    "depd": {
      "version": "1.0.1",
      "resolved": "https://registry.npmjs.org/depd/-/depd-1.0.1.tgz",
      "integrity": "sha512-OEWAMbCkK9IWQ8pfTvHBhCSqHgR+sk5pbiYqq0FqfARG4Cy+cRsCbITx6wh5pcsmfBPiJAcbd98tfdz5fnBbag=="
    },
    "ee-first": {
      "version": "1.1.0",
      "resolved": "https://registry.npmjs.org/ee-first/-/ee-first-1.1.0.tgz",
      "integrity": "sha512-n4X/DaHVKHyDy1Rwuzm1UPjTRIBSarj1BBZ5R5HLOFLn58yhw510qoF1zk94jjkw3mXScdsmMtYCNR1jsAJlEA=="
    },
    "iconv-lite": {
      "version": "0.4.5",
      "resolved": "https://registry.npmjs.org/iconv-lite/-/iconv-lite-0.4.5.tgz",
      "integrity": "sha512-LQ4GtDkFagYaac8u4rE73zWu7h0OUUmR0qVBOgzLyFSoJhoDG2xV9PZJWWyVVcYha/9/RZzQHUinFMbNKiOoAA=="
    },
    "media-typer": {
      "version": "0.3.0",
      "resolved": "https://registry.npmjs.org/media-typer/-/media-typer-0.3.0.tgz",
      "integrity": "sha512-dq+qelQ9akHpcOl/gUVRTxVIOkAJ1wR3QAvb4RsVjS8oVoFjDGTc679wJYmUmknUF5HwMLOgb5O+a3KxfWapPQ=="
    },
    "mime-db": {
      "version": "1.12.0",
      "resolved": "https://registry.npmjs.org/mime-db/-/mime-db-1.12.0.tgz",
      "integrity": "sha512-5aMAW7I4jZoZB27fXRuekqc4DVvJ7+hM8UcWrNj2mqibE54gXgPSonBYBdQW5hyaVNGmiYjY0ZMqn9fBefWYvA=="
    },
    "mime-types": {
      "version": "2.0.14",
      "resolved": "https://registry.npmjs.org/mime-types/-/mime-types-2.0.14.tgz",
      "integrity": "sha512-2ZHUEstNkIf2oTWgtODr6X0Cc4Ns/RN/hktdozndiEhhAC2wxXejF1FH0XLHTEImE9h6gr/tcnr3YOnSGsxc7Q=="
    },
    "on-finished": {
      "version": "2.2.1",
      "resolved": "https://registry.npmjs.org/on-finished/-/on-finished-2.2.1.tgz",
      "integrity": "sha512-9HvMYLv7im5uzOAcg1lon2cEUxycCF4OI+zPz1R/x3MvBv5s2F+DuxrGwkPe+UwvStDQpWbrkXfLZv12mHbl4A=="
    },
    "qs": {
      "version": "2.3.3",
      "resolved": "https://registry.npmjs.org/qs/-/qs-2.3.3.tgz",
      "integrity": "sha512-f5M0HQqZWkzU8GELTY8LyMrGkr3bPjKoFtTkwUEqJQbcljbeK8M7mliP9Ia2xoOI6oMerp+QPS7oYJtpGmWe/A=="
    },
    "raw-body": {
      "version": "1.3.1",
      "resolved": "https://registry.npmjs.org/raw-body/-/raw-body-1.3.1.tgz",
      "integrity": "sha512-x8EmVKh0fEOk/mlAl4P0NsLW6zH90FeXNGiOpFlvd1JPZH/3q4Wcngev7FI5Z5z8pjTn/1or0sAtxvF0558Dew=="
    },
    "type-is": {
      "version": "1.5.7",
      "resolved": "https://registry.npmjs.org/type-is/-/type-is-1.5.7.tgz",
      "integrity": "sha512-of68V0oUmVH4thGc1cLR3sKdICPsaL7kzpYc7FX1pcagY4eIllhyMqQcoOq289f+xj2orm8oPWwsCwxiCgVJbQ=="
    }
  }
}
